
Microsoft Visual Studio Solution File, Format Version 12.00
# Visual Studio Version 16
VisualStudioVersion = 16.0.31321.278
MinimumVisualStudioVersion = 10.0.40219.1
Project("{FAE04EC0-301F-11D3-BF4B-00C04F79EFBC}") = "Arctos", "Arctos\Arctos.csproj", "{A21D2F86-B624-4828-9EBD-E2F177C97540}"
EndProject
Global
	GlobalSection(SolutionConfigurationPlatforms) = preSolution
		Debug|Any CPU = Debug|Any CPU
		Release|Any CPU = Release|Any CPU
	EndGlobalSection
	GlobalSection(ProjectConfigurationPlatforms) = postSolution
		{A21D2F86-B624-4828-9EBD-E2F177C97540}.Debug|Any CPU.ActiveCfg = Debug|Any CPU
		{A21D2F86-B624-4828-9EBD-E2F177C97540}.Debug|Any CPU.Build.0 = Debug|Any CPU
		{A21D2F86-B624-4828-9EBD-E2F177C97540}.Release|Any CPU.ActiveCfg = Release|Any CPU
		{A21D2F86-B624-4828-9EBD-E2F177C97540}.Release|Any CPU.Build.0 = Release|Any CPU
	EndGlobalSection
	GlobalSection(SolutionProperties) = preSolution
		HideSolutionNode = FALSE
	EndGlobalSection
	GlobalSection(ExtensibilityGlobals) = postSolution
		SolutionGuid = {D78C3AB8-48C6-4D5D-B61C-02F56F50E803}
	EndGlobalSection
EndGlobal
